
Microsoft Visual Studio Solution File, Format Version 12.00
# Visual Studio 15
VisualStudioVersion = 15.0.27703.2047
MinimumVisualStudioVersion = 10.0.40219.1
Project("{FAE04EC0-301F-11D3-BF4B-00C04F79EFBC}") = "EjercicioClase05", "EjercicioClase05.csproj", "{3F81FF9E-AF27-449A-8568-F7494094DF8C}"
EndProject
Global
	GlobalSection(SolutionConfigurationPlatforms) = preSolution
		Debug|Any CPU = Debug|Any CPU
		Release|Any CPU = Release|Any CPU
	EndGlobalSection
	GlobalSection(ProjectConfigurationPlatforms) = postSolution
		{3F81FF9E-AF27-449A-8568-F7494094DF8C}.Debug|Any CPU.ActiveCfg = Debug|Any CPU
		{3F81FF9E-AF27-449A-8568-F7494094DF8C}.Debug|Any CPU.Build.0 = Debug|Any CPU
		{3F81FF9E-AF27-449A-8568-F7494094DF8C}.Release|Any CPU.ActiveCfg = Release|Any CPU
		{3F81FF9E-AF27-449A-8568-F7494094DF8C}.Release|Any CPU.Build.0 = Release|Any CPU
	EndGlobalSection
	GlobalSection(SolutionProperties) = preSolution
		HideSolutionNode = FALSE
	EndGlobalSection
	GlobalSection(ExtensibilityGlobals) = postSolution
		SolutionGuid = {4BB51705-5F8B-4041-AD5F-E3F1B9975EA6}
	EndGlobalSection
EndGlobal
