
Microsoft Visual Studio Solution File, Format Version 12.00
# Visual Studio 15
VisualStudioVersion = 15.0.27703.2047
MinimumVisualStudioVersion = 10.0.40219.1
Project("{9A19103F-16F7-4668-BE54-9A1E7A4F7556}") = "EntidadesClase07", "EntidadesClase07\EntidadesClase07.csproj", "{A65CE165-E102-452C-AB34-B0E742CA8F08}"
EndProject
Project("{FAE04EC0-301F-11D3-BF4B-00C04F79EFBC}") = "WF-08", "WF-08\WF-08.csproj", "{8B1E305A-E499-4ED4-8EBF-66049C7B2596}"
EndProject
Project("{FAE04EC0-301F-11D3-BF4B-00C04F79EFBC}") = "FRM-Tempera", "FRM-Tempera\FRM-Tempera.csproj", "{8317E0E9-8462-4B39-A9BC-D33D5173043E}"
EndProject
Global
	GlobalSection(SolutionConfigurationPlatforms) = preSolution
		Debug|Any CPU = Debug|Any CPU
		Release|Any CPU = Release|Any CPU
	EndGlobalSection
	GlobalSection(ProjectConfigurationPlatforms) = postSolution
		{A65CE165-E102-452C-AB34-B0E742CA8F08}.Debug|Any CPU.ActiveCfg = Debug|Any CPU
		{A65CE165-E102-452C-AB34-B0E742CA8F08}.Debug|Any CPU.Build.0 = Debug|Any CPU
		{A65CE165-E102-452C-AB34-B0E742CA8F08}.Release|Any CPU.ActiveCfg = Release|Any CPU
		{A65CE165-E102-452C-AB34-B0E742CA8F08}.Release|Any CPU.Build.0 = Release|Any CPU
		{8B1E305A-E499-4ED4-8EBF-66049C7B2596}.Debug|Any CPU.ActiveCfg = Debug|Any CPU
		{8B1E305A-E499-4ED4-8EBF-66049C7B2596}.Debug|Any CPU.Build.0 = Debug|Any CPU
		{8B1E305A-E499-4ED4-8EBF-66049C7B2596}.Release|Any CPU.ActiveCfg = Release|Any CPU
		{8B1E305A-E499-4ED4-8EBF-66049C7B2596}.Release|Any CPU.Build.0 = Release|Any CPU
		{8317E0E9-8462-4B39-A9BC-D33D5173043E}.Debug|Any CPU.ActiveCfg = Debug|Any CPU
		{8317E0E9-8462-4B39-A9BC-D33D5173043E}.Debug|Any CPU.Build.0 = Debug|Any CPU
		{8317E0E9-8462-4B39-A9BC-D33D5173043E}.Release|Any CPU.ActiveCfg = Release|Any CPU
		{8317E0E9-8462-4B39-A9BC-D33D5173043E}.Release|Any CPU.Build.0 = Release|Any CPU
	EndGlobalSection
	GlobalSection(SolutionProperties) = preSolution
		HideSolutionNode = FALSE
	EndGlobalSection
	GlobalSection(ExtensibilityGlobals) = postSolution
		SolutionGuid = {BBE10AD0-A148-4971-B616-B4975A40D2CC}
	EndGlobalSection
EndGlobal
